// !$*UTF8*$!
{
	archiveVersion = 1;
	classes = {
	};
	objectVersion = 46;
	objects = {

/* Begin PBXBuildFile section */
		812CA1F5162DED2D00B53B7E /* User.m in Sources */ = {isa = PBXBuildFile; fileRef = 812CA1F4162DED2D00B53B7E /* User.m */; };
		817E3E7116216E3400DDB74E /* BaseModel.m in Sources */ = {isa = PBXBuildFile; fileRef = 817E3E6E16216E3400DDB74E /* BaseModel.m */; };
		817E3E7216216E3400DDB74E /* Post.m in Sources */ = {isa = PBXBuildFile; fileRef = 817E3E7016216E3400DDB74E /* Post.m */; };
		817E3E8316216E5300DDB74E /* DetailViewController.m in Sources */ = {isa = PBXBuildFile; fileRef = 817E3E7E16216E5300DDB74E /* DetailViewController.m */; };
		817E3E8416216E5300DDB74E /* EditPostViewController.m in Sources */ = {isa = PBXBuildFile; fileRef = 817E3E8016216E5300DDB74E /* EditPostViewController.m */; };
		817E3E8516216E5300DDB74E /* PostsViewController.m in Sources */ = {isa = PBXBuildFile; fileRef = 817E3E8216216E5300DDB74E /* PostsViewController.m */; };
		817E3E8D16216E6E00DDB74E /* Colors.m in Sources */ = {isa = PBXBuildFile; fileRef = 817E3E8716216E6E00DDB74E /* Colors.m */; };
		817E3E8E16216E6E00DDB74E /* DataStore.m in Sources */ = {isa = PBXBuildFile; fileRef = 817E3E8916216E6E00DDB74E /* DataStore.m */; };
		817E3E9416216E7B00DDB74E /* AppDelegate.m in Sources */ = {isa = PBXBuildFile; fileRef = 817E3E9316216E7B00DDB74E /* AppDelegate.m */; };
		817E3E9D16216EF300DDB74E /* InfoPlist.strings in Resources */ = {isa = PBXBuildFile; fileRef = 817E3E9B16216EF300DDB74E /* InfoPlist.strings */; };
		817E3EA216216F5A00DDB74E /* main.m in Sources */ = {isa = PBXBuildFile; fileRef = 817E3EA116216F5A00DDB74E /* main.m */; };
		817E3EA516216FB700DDB74E /* MainStoryboard_iPhone.storyboard in Resources */ = {isa = PBXBuildFile; fileRef = 817E3EA316216FB700DDB74E /* MainStoryboard_iPhone.storyboard */; };
		817E3EA81621728800DDB74E /* LoginViewController.m in Sources */ = {isa = PBXBuildFile; fileRef = 817E3EA71621728800DDB74E /* LoginViewController.m */; };
		817E3EAB1621745A00DDB74E /* AppNavigationController.m in Sources */ = {isa = PBXBuildFile; fileRef = 817E3EAA1621745A00DDB74E /* AppNavigationController.m */; };
		81866C9A163D2F7100395045 /* arrow.png in Resources */ = {isa = PBXBuildFile; fileRef = 81866C96163D2F7100395045 /* arrow.png */; };
		81866C9B163D2F7100395045 /* arrow@2x.png in Resources */ = {isa = PBXBuildFile; fileRef = 81866C97163D2F7100395045 /* arrow@2x.png */; };
		81866C9C163D2F7100395045 /* PullToRefreshView.m in Sources */ = {isa = PBXBuildFile; fileRef = 81866C99163D2F7100395045 /* PullToRefreshView.m */; };
		81866C9F163D335B00395045 /* QuartzCore.framework in Frameworks */ = {isa = PBXBuildFile; fileRef = 81866C9E163D335B00395045 /* QuartzCore.framework */; };
		818D789215F1248100F32171 /* CFNetwork.framework in Frameworks */ = {isa = PBXBuildFile; fileRef = 818D789115F1248100F32171 /* CFNetwork.framework */; };
		818D789415F1248E00F32171 /* Security.framework in Frameworks */ = {isa = PBXBuildFile; fileRef = 818D789315F1248E00F32171 /* Security.framework */; };
		818D789615F1249F00F32171 /* libsqlite3.dylib in Frameworks */ = {isa = PBXBuildFile; fileRef = 818D789515F1249F00F32171 /* libsqlite3.dylib */; };
		818D789815F124A800F32171 /* libz.dylib in Frameworks */ = {isa = PBXBuildFile; fileRef = 818D789715F124A800F32171 /* libz.dylib */; };
		818D789915F1251A00F32171 /* SystemConfiguration.framework in Frameworks */ = {isa = PBXBuildFile; fileRef = 818D788F15F1246500F32171 /* SystemConfiguration.framework */; };
		818D948F1633D6730046B1AD /* DesignRepository.m in Sources */ = {isa = PBXBuildFile; fileRef = 818D948E1633D6730046B1AD /* DesignRepository.m */; };
		818D949716340EBB0046B1AD /* Replicator.m in Sources */ = {isa = PBXBuildFile; fileRef = 818D949616340EBB0046B1AD /* Replicator.m */; };
		8191D08D15EA382600591DC5 /* UIKit.framework in Frameworks */ = {isa = PBXBuildFile; fileRef = 8191D08C15EA382600591DC5 /* UIKit.framework */; };
		8191D08F15EA382600591DC5 /* Foundation.framework in Frameworks */ = {isa = PBXBuildFile; fileRef = 8191D08E15EA382600591DC5 /* Foundation.framework */; };
		8191D09115EA382600591DC5 /* CoreGraphics.framework in Frameworks */ = {isa = PBXBuildFile; fileRef = 8191D09015EA382600591DC5 /* CoreGraphics.framework */; };
		8191D0B115EA382700591DC5 /* SenTestingKit.framework in Frameworks */ = {isa = PBXBuildFile; fileRef = 8191D0B015EA382700591DC5 /* SenTestingKit.framework */; };
		8191D0B215EA382700591DC5 /* UIKit.framework in Frameworks */ = {isa = PBXBuildFile; fileRef = 8191D08C15EA382600591DC5 /* UIKit.framework */; };
		8191D0B315EA382700591DC5 /* Foundation.framework in Frameworks */ = {isa = PBXBuildFile; fileRef = 8191D08E15EA382600591DC5 /* Foundation.framework */; };
		8191D0BB15EA382700591DC5 /* InfoPlist.strings in Resources */ = {isa = PBXBuildFile; fileRef = 8191D0B915EA382700591DC5 /* InfoPlist.strings */; };
		8191D0BE15EA382700591DC5 /* iCouchBlogTests.m in Sources */ = {isa = PBXBuildFile; fileRef = 8191D0BD15EA382700591DC5 /* iCouchBlogTests.m */; };
		8191D0D715EFFED600591DC5 /* TouchDB.framework in Frameworks */ = {isa = PBXBuildFile; fileRef = 8191D0D615EFFED600591DC5 /* TouchDB.framework */; };
		8191D0D915EFFEE100591DC5 /* CouchCocoa.framework in Frameworks */ = {isa = PBXBuildFile; fileRef = 8191D0D815EFFEE100591DC5 /* CouchCocoa.framework */; };
		81F7DBC3162DC7C600BE8DDB /* Default-568h@2x.png in Resources */ = {isa = PBXBuildFile; fileRef = 81F7DBC2162DC7C600BE8DDB /* Default-568h@2x.png */; };
/* End PBXBuildFile section */

/* Begin PBXContainerItemProxy section */
		8191D0B415EA382700591DC5 /* PBXContainerItemProxy */ = {
			isa = PBXContainerItemProxy;
			containerPortal = 8191D07F15EA382600591DC5 /* Project object */;
			proxyType = 1;
			remoteGlobalIDString = 8191D08715EA382600591DC5;
			remoteInfo = iCouchBlog;
		};
/* End PBXContainerItemProxy section */

/* Begin PBXFileReference section */
		812CA1F3162DED2D00B53B7E /* User.h */ = {isa = PBXFileReference; fileEncoding = 4; lastKnownFileType = sourcecode.c.h; name = User.h; path = Models/User.h; sourceTree = "<group>"; };
		812CA1F4162DED2D00B53B7E /* User.m */ = {isa = PBXFileReference; fileEncoding = 4; lastKnownFileType = sourcecode.c.objc; name = User.m; path = Models/User.m; sourceTree = "<group>"; };
		817E3E6D16216E3400DDB74E /* BaseModel.h */ = {isa = PBXFileReference; fileEncoding = 4; lastKnownFileType = sourcecode.c.h; name = BaseModel.h; path = Models/BaseModel.h; sourceTree = "<group>"; };
		817E3E6E16216E3400DDB74E /* BaseModel.m */ = {isa = PBXFileReference; fileEncoding = 4; lastKnownFileType = sourcecode.c.objc; name = BaseModel.m; path = Models/BaseModel.m; sourceTree = "<group>"; };
		817E3E6F16216E3400DDB74E /* Post.h */ = {isa = PBXFileReference; fileEncoding = 4; lastKnownFileType = sourcecode.c.h; name = Post.h; path = Models/Post.h; sourceTree = "<group>"; };
		817E3E7016216E3400DDB74E /* Post.m */ = {isa = PBXFileReference; fileEncoding = 4; lastKnownFileType = sourcecode.c.objc; name = Post.m; path = Models/Post.m; sourceTree = "<group>"; };
		817E3E7D16216E5300DDB74E /* DetailViewController.h */ = {isa = PBXFileReference; fileEncoding = 4; lastKnownFileType = sourcecode.c.h; name = DetailViewController.h; path = Controllers/DetailViewController.h; sourceTree = "<group>"; };
		817E3E7E16216E5300DDB74E /* DetailViewController.m */ = {isa = PBXFileReference; fileEncoding = 4; lastKnownFileType = sourcecode.c.objc; name = DetailViewController.m; path = Controllers/DetailViewController.m; sourceTree = "<group>"; };
		817E3E7F16216E5300DDB74E /* EditPostViewController.h */ = {isa = PBXFileReference; fileEncoding = 4; lastKnownFileType = sourcecode.c.h; name = EditPostViewController.h; path = Controllers/EditPostViewController.h; sourceTree = "<group>"; };
		817E3E8016216E5300DDB74E /* EditPostViewController.m */ = {isa = PBXFileReference; fileEncoding = 4; lastKnownFileType = sourcecode.c.objc; name = EditPostViewController.m; path = Controllers/EditPostViewController.m; sourceTree = "<group>"; };
		817E3E8116216E5300DDB74E /* PostsViewController.h */ = {isa = PBXFileReference; fileEncoding = 4; lastKnownFileType = sourcecode.c.h; name = PostsViewController.h; path = Controllers/PostsViewController.h; sourceTree = "<group>"; };
		817E3E8216216E5300DDB74E /* PostsViewController.m */ = {isa = PBXFileReference; fileEncoding = 4; lastKnownFileType = sourcecode.c.objc; name = PostsViewController.m; path = Controllers/PostsViewController.m; sourceTree = "<group>"; };
		817E3E8616216E6E00DDB74E /* Colors.h */ = {isa = PBXFileReference; fileEncoding = 4; lastKnownFileType = sourcecode.c.h; name = Colors.h; path = "Supporting FIles/Colors.h"; sourceTree = "<group>"; };
		817E3E8716216E6E00DDB74E /* Colors.m */ = {isa = PBXFileReference; fileEncoding = 4; lastKnownFileType = sourcecode.c.objc; name = Colors.m; path = "Supporting FIles/Colors.m"; sourceTree = "<group>"; };
		817E3E8816216E6E00DDB74E /* DataStore.h */ = {isa = PBXFileReference; fileEncoding = 4; lastKnownFileType = sourcecode.c.h; name = DataStore.h; path = "Supporting FIles/DataStore.h"; sourceTree = "<group>"; };
		817E3E8916216E6E00DDB74E /* DataStore.m */ = {isa = PBXFileReference; fileEncoding = 4; lastKnownFileType = sourcecode.c.objc; name = DataStore.m; path = "Supporting FIles/DataStore.m"; sourceTree = "<group>"; };
		817E3E9216216E7B00DDB74E /* AppDelegate.h */ = {isa = PBXFileReference; fileEncoding = 4; lastKnownFileType = sourcecode.c.h; path = AppDelegate.h; sourceTree = "<group>"; };
		817E3E9316216E7B00DDB74E /* AppDelegate.m */ = {isa = PBXFileReference; fileEncoding = 4; lastKnownFileType = sourcecode.c.objc; path = AppDelegate.m; sourceTree = "<group>"; };
		817E3E9C16216EF300DDB74E /* en */ = {isa = PBXFileReference; lastKnownFileType = text.plist.strings; name = en; path = Views/en.lproj/InfoPlist.strings; sourceTree = "<group>"; };
		817E3E9E16216F2400DDB74E /* iCouchBlog-Info.plist */ = {isa = PBXFileReference; fileEncoding = 4; lastKnownFileType = text.plist.xml; path = "iCouchBlog-Info.plist"; sourceTree = "<group>"; };
		817E3EA016216F5A00DDB74E /* iCouchBlog-Prefix.pch */ = {isa = PBXFileReference; fileEncoding = 4; lastKnownFileType = sourcecode.c.h; path = "iCouchBlog-Prefix.pch"; sourceTree = "<group>"; };
		817E3EA116216F5A00DDB74E /* main.m */ = {isa = PBXFileReference; fileEncoding = 4; lastKnownFileType = sourcecode.c.objc; path = main.m; sourceTree = "<group>"; };
		817E3EA416216FB700DDB74E /* en */ = {isa = PBXFileReference; lastKnownFileType = file.storyboard; name = en; path = Views/en.lproj/MainStoryboard_iPhone.storyboard; sourceTree = "<group>"; };
		817E3EA61621728800DDB74E /* LoginViewController.h */ = {isa = PBXFileReference; fileEncoding = 4; lastKnownFileType = sourcecode.c.h; name = LoginViewController.h; path = Controllers/LoginViewController.h; sourceTree = "<group>"; };
		817E3EA71621728800DDB74E /* LoginViewController.m */ = {isa = PBXFileReference; fileEncoding = 4; lastKnownFileType = sourcecode.c.objc; name = LoginViewController.m; path = Controllers/LoginViewController.m; sourceTree = "<group>"; };
		817E3EA91621745A00DDB74E /* AppNavigationController.h */ = {isa = PBXFileReference; fileEncoding = 4; lastKnownFileType = sourcecode.c.h; path = AppNavigationController.h; sourceTree = "<group>"; };
		817E3EAA1621745A00DDB74E /* AppNavigationController.m */ = {isa = PBXFileReference; fileEncoding = 4; lastKnownFileType = sourcecode.c.objc; path = AppNavigationController.m; sourceTree = "<group>"; };
		81866C96163D2F7100395045 /* arrow.png */ = {isa = PBXFileReference; lastKnownFileType = image.png; path = arrow.png; sourceTree = "<group>"; };
		81866C97163D2F7100395045 /* arrow@2x.png */ = {isa = PBXFileReference; lastKnownFileType = image.png; path = "arrow@2x.png"; sourceTree = "<group>"; };
		81866C98163D2F7100395045 /* PullToRefreshView.h */ = {isa = PBXFileReference; fileEncoding = 4; lastKnownFileType = sourcecode.c.h; path = PullToRefreshView.h; sourceTree = "<group>"; };
		81866C99163D2F7100395045 /* PullToRefreshView.m */ = {isa = PBXFileReference; fileEncoding = 4; lastKnownFileType = sourcecode.c.objc; path = PullToRefreshView.m; sourceTree = "<group>"; };
		81866C9E163D335B00395045 /* QuartzCore.framework */ = {isa = PBXFileReference; lastKnownFileType = wrapper.framework; name = QuartzCore.framework; path = System/Library/Frameworks/QuartzCore.framework; sourceTree = SDKROOT; };
		818D788F15F1246500F32171 /* SystemConfiguration.framework */ = {isa = PBXFileReference; lastKnownFileType = wrapper.framework; name = SystemConfiguration.framework; path = System/Library/Frameworks/SystemConfiguration.framework; sourceTree = SDKROOT; };
		818D789115F1248100F32171 /* CFNetwork.framework */ = {isa = PBXFileReference; lastKnownFileType = wrapper.framework; name = CFNetwork.framework; path = System/Library/Frameworks/CFNetwork.framework; sourceTree = SDKROOT; };
		818D789315F1248E00F32171 /* Security.framework */ = {isa = PBXFileReference; lastKnownFileType = wrapper.framework; name = Security.framework; path = System/Library/Frameworks/Security.framework; sourceTree = SDKROOT; };
		818D789515F1249F00F32171 /* libsqlite3.dylib */ = {isa = PBXFileReference; lastKnownFileType = "compiled.mach-o.dylib"; name = libsqlite3.dylib; path = usr/lib/libsqlite3.dylib; sourceTree = SDKROOT; };
		818D789715F124A800F32171 /* libz.dylib */ = {isa = PBXFileReference; lastKnownFileType = "compiled.mach-o.dylib"; name = libz.dylib; path = usr/lib/libz.dylib; sourceTree = SDKROOT; };
		818D948D1633D6730046B1AD /* DesignRepository.h */ = {isa = PBXFileReference; fileEncoding = 4; lastKnownFileType = sourcecode.c.h; path = DesignRepository.h; sourceTree = "<group>"; };
		818D948E1633D6730046B1AD /* DesignRepository.m */ = {isa = PBXFileReference; fileEncoding = 4; lastKnownFileType = sourcecode.c.objc; path = DesignRepository.m; sourceTree = "<group>"; };
		818D949516340EBB0046B1AD /* Replicator.h */ = {isa = PBXFileReference; fileEncoding = 4; lastKnownFileType = sourcecode.c.h; path = Replicator.h; sourceTree = "<group>"; };
		818D949616340EBB0046B1AD /* Replicator.m */ = {isa = PBXFileReference; fileEncoding = 4; lastKnownFileType = sourcecode.c.objc; path = Replicator.m; sourceTree = "<group>"; };
		8191D08815EA382600591DC5 /* iCouchBlog.app */ = {isa = PBXFileReference; explicitFileType = wrapper.application; includeInIndex = 0; path = iCouchBlog.app; sourceTree = BUILT_PRODUCTS_DIR; };
		8191D08C15EA382600591DC5 /* UIKit.framework */ = {isa = PBXFileReference; lastKnownFileType = wrapper.framework; name = UIKit.framework; path = System/Library/Frameworks/UIKit.framework; sourceTree = SDKROOT; };
		8191D08E15EA382600591DC5 /* Foundation.framework */ = {isa = PBXFileReference; lastKnownFileType = wrapper.framework; name = Foundation.framework; path = System/Library/Frameworks/Foundation.framework; sourceTree = SDKROOT; };
		8191D09015EA382600591DC5 /* CoreGraphics.framework */ = {isa = PBXFileReference; lastKnownFileType = wrapper.framework; name = CoreGraphics.framework; path = System/Library/Frameworks/CoreGraphics.framework; sourceTree = SDKROOT; };
		8191D0AF15EA382700591DC5 /* iCouchBlogTests.octest */ = {isa = PBXFileReference; explicitFileType = wrapper.cfbundle; includeInIndex = 0; path = iCouchBlogTests.octest; sourceTree = BUILT_PRODUCTS_DIR; };
		8191D0B015EA382700591DC5 /* SenTestingKit.framework */ = {isa = PBXFileReference; lastKnownFileType = wrapper.framework; name = SenTestingKit.framework; path = Library/Frameworks/SenTestingKit.framework; sourceTree = DEVELOPER_DIR; };
		8191D0B815EA382700591DC5 /* iCouchBlogTests-Info.plist */ = {isa = PBXFileReference; lastKnownFileType = text.plist.xml; path = "iCouchBlogTests-Info.plist"; sourceTree = "<group>"; };
		8191D0BA15EA382700591DC5 /* en */ = {isa = PBXFileReference; lastKnownFileType = text.plist.strings; name = en; path = en.lproj/InfoPlist.strings; sourceTree = "<group>"; };
		8191D0BC15EA382700591DC5 /* iCouchBlogTests.h */ = {isa = PBXFileReference; lastKnownFileType = sourcecode.c.h; path = iCouchBlogTests.h; sourceTree = "<group>"; };
		8191D0BD15EA382700591DC5 /* iCouchBlogTests.m */ = {isa = PBXFileReference; lastKnownFileType = sourcecode.c.objc; path = iCouchBlogTests.m; sourceTree = "<group>"; };
		8191D0D615EFFED600591DC5 /* TouchDB.framework */ = {isa = PBXFileReference; lastKnownFileType = wrapper.framework; path = TouchDB.framework; sourceTree = "<group>"; };
		8191D0D815EFFEE100591DC5 /* CouchCocoa.framework */ = {isa = PBXFileReference; lastKnownFileType = wrapper.framework; path = CouchCocoa.framework; sourceTree = "<group>"; };
		81F7DBC2162DC7C600BE8DDB /* Default-568h@2x.png */ = {isa = PBXFileReference; lastKnownFileType = image.png; path = "Default-568h@2x.png"; sourceTree = "<group>"; };
/* End PBXFileReference section */

/* Begin PBXFrameworksBuildPhase section */
		8191D08515EA382600591DC5 /* Frameworks */ = {
			isa = PBXFrameworksBuildPhase;
			buildActionMask = 2147483647;
			files = (
				81866C9F163D335B00395045 /* QuartzCore.framework in Frameworks */,
				818D789915F1251A00F32171 /* SystemConfiguration.framework in Frameworks */,
				818D789815F124A800F32171 /* libz.dylib in Frameworks */,
				818D789615F1249F00F32171 /* libsqlite3.dylib in Frameworks */,
				818D789415F1248E00F32171 /* Security.framework in Frameworks */,
				818D789215F1248100F32171 /* CFNetwork.framework in Frameworks */,
				8191D08D15EA382600591DC5 /* UIKit.framework in Frameworks */,
				8191D08F15EA382600591DC5 /* Foundation.framework in Frameworks */,
				8191D09115EA382600591DC5 /* CoreGraphics.framework in Frameworks */,
				8191D0D715EFFED600591DC5 /* TouchDB.framework in Frameworks */,
				8191D0D915EFFEE100591DC5 /* CouchCocoa.framework in Frameworks */,
			);
			runOnlyForDeploymentPostprocessing = 0;
		};
		8191D0AB15EA382700591DC5 /* Frameworks */ = {
			isa = PBXFrameworksBuildPhase;
			buildActionMask = 2147483647;
			files = (
				8191D0B115EA382700591DC5 /* SenTestingKit.framework in Frameworks */,
				8191D0B215EA382700591DC5 /* UIKit.framework in Frameworks */,
				8191D0B315EA382700591DC5 /* Foundation.framework in Frameworks */,
			);
			runOnlyForDeploymentPostprocessing = 0;
		};
/* End PBXFrameworksBuildPhase section */

/* Begin PBXGroup section */
		817E3E9116216E7B00DDB74E /* Backend */ = {
			isa = PBXGroup;
			children = (
				817E3E9216216E7B00DDB74E /* AppDelegate.h */,
				817E3E9316216E7B00DDB74E /* AppDelegate.m */,
				818D949516340EBB0046B1AD /* Replicator.h */,
				818D949616340EBB0046B1AD /* Replicator.m */,
			);
			path = Backend;
			sourceTree = "<group>";
		};
		81866C95163D2F7100395045 /* PullToRefresh */ = {
			isa = PBXGroup;
			children = (
				81866C96163D2F7100395045 /* arrow.png */,
				81866C97163D2F7100395045 /* arrow@2x.png */,
				81866C98163D2F7100395045 /* PullToRefreshView.h */,
				81866C99163D2F7100395045 /* PullToRefreshView.m */,
			);
			path = PullToRefresh;
			sourceTree = "<group>";
		};
		818EBFF4163C1CDD00C1A883 /* Lib */ = {
			isa = PBXGroup;
			children = (
				81866C95163D2F7100395045 /* PullToRefresh */,
			);
			name = Lib;
			path = iCouchBlog/Lib;
			sourceTree = "<group>";
		};
		8191D07D15EA382600591DC5 = {
			isa = PBXGroup;
			children = (
				81866C9E163D335B00395045 /* QuartzCore.framework */,
				81F7DBC2162DC7C600BE8DDB /* Default-568h@2x.png */,
				8191D09215EA382600591DC5 /* iCouchBlog */,
				8191D0B615EA382700591DC5 /* iCouchBlogTests */,
				818EBFF4163C1CDD00C1A883 /* Lib */,
				8191D08B15EA382600591DC5 /* Frameworks */,
				8191D08915EA382600591DC5 /* Products */,
			);
			sourceTree = "<group>";
		};
		8191D08915EA382600591DC5 /* Products */ = {
			isa = PBXGroup;
			children = (
				8191D08815EA382600591DC5 /* iCouchBlog.app */,
				8191D0AF15EA382700591DC5 /* iCouchBlogTests.octest */,
			);
			name = Products;
			sourceTree = "<group>";
		};
		8191D08B15EA382600591DC5 /* Frameworks */ = {
			isa = PBXGroup;
			children = (
				818D789715F124A800F32171 /* libz.dylib */,
				818D789515F1249F00F32171 /* libsqlite3.dylib */,
				818D789315F1248E00F32171 /* Security.framework */,
				818D789115F1248100F32171 /* CFNetwork.framework */,
				818D788F15F1246500F32171 /* SystemConfiguration.framework */,
				8191D0D815EFFEE100591DC5 /* CouchCocoa.framework */,
				8191D0D615EFFED600591DC5 /* TouchDB.framework */,
				8191D08C15EA382600591DC5 /* UIKit.framework */,
				8191D08E15EA382600591DC5 /* Foundation.framework */,
				8191D09015EA382600591DC5 /* CoreGraphics.framework */,
				8191D0B015EA382700591DC5 /* SenTestingKit.framework */,
			);
			name = Frameworks;
			sourceTree = "<group>";
		};
		8191D09215EA382600591DC5 /* iCouchBlog */ = {
			isa = PBXGroup;
			children = (
				817E3E9116216E7B00DDB74E /* Backend */,
				8191D0C815EA3DE000591DC5 /* Models */,
				8191D0C715EA3DD000591DC5 /* Controllers */,
				8191D0C915EA3DEC00591DC5 /* Views */,
				8191D09315EA382600591DC5 /* Supporting Files */,
			);
			path = iCouchBlog;
			sourceTree = "<group>";
		};
		8191D09315EA382600591DC5 /* Supporting Files */ = {
			isa = PBXGroup;
			children = (
				817E3EA016216F5A00DDB74E /* iCouchBlog-Prefix.pch */,
				817E3EA116216F5A00DDB74E /* main.m */,
				817E3E9E16216F2400DDB74E /* iCouchBlog-Info.plist */,
				817E3E9B16216EF300DDB74E /* InfoPlist.strings */,
				817E3E8616216E6E00DDB74E /* Colors.h */,
				817E3E8716216E6E00DDB74E /* Colors.m */,
				817E3E8816216E6E00DDB74E /* DataStore.h */,
				817E3E8916216E6E00DDB74E /* DataStore.m */,
			);
			name = "Supporting Files";
			sourceTree = "<group>";
		};
		8191D0B615EA382700591DC5 /* iCouchBlogTests */ = {
			isa = PBXGroup;
			children = (
				8191D0BC15EA382700591DC5 /* iCouchBlogTests.h */,
				8191D0BD15EA382700591DC5 /* iCouchBlogTests.m */,
				8191D0B715EA382700591DC5 /* Supporting Files */,
			);
			path = iCouchBlogTests;
			sourceTree = "<group>";
		};
		8191D0B715EA382700591DC5 /* Supporting Files */ = {
			isa = PBXGroup;
			children = (
				8191D0B815EA382700591DC5 /* iCouchBlogTests-Info.plist */,
				8191D0B915EA382700591DC5 /* InfoPlist.strings */,
			);
			name = "Supporting Files";
			sourceTree = "<group>";
		};
		8191D0C715EA3DD000591DC5 /* Controllers */ = {
			isa = PBXGroup;
			children = (
				817E3EA91621745A00DDB74E /* AppNavigationController.h */,
				817E3EAA1621745A00DDB74E /* AppNavigationController.m */,
				817E3EA61621728800DDB74E /* LoginViewController.h */,
				817E3EA71621728800DDB74E /* LoginViewController.m */,
				817E3E8116216E5300DDB74E /* PostsViewController.h */,
				817E3E8216216E5300DDB74E /* PostsViewController.m */,
				817E3E7D16216E5300DDB74E /* DetailViewController.h */,
				817E3E7E16216E5300DDB74E /* DetailViewController.m */,
				817E3E7F16216E5300DDB74E /* EditPostViewController.h */,
				817E3E8016216E5300DDB74E /* EditPostViewController.m */,
			);
			name = Controllers;
			sourceTree = "<group>";
		};
		8191D0C815EA3DE000591DC5 /* Models */ = {
			isa = PBXGroup;
			children = (
				818D948D1633D6730046B1AD /* DesignRepository.h */,
				818D948E1633D6730046B1AD /* DesignRepository.m */,
				817E3E6D16216E3400DDB74E /* BaseModel.h */,
				817E3E6E16216E3400DDB74E /* BaseModel.m */,
				812CA1F3162DED2D00B53B7E /* User.h */,
				812CA1F4162DED2D00B53B7E /* User.m */,
				817E3E6F16216E3400DDB74E /* Post.h */,
				817E3E7016216E3400DDB74E /* Post.m */,
			);
			name = Models;
			sourceTree = "<group>";
		};
		8191D0C915EA3DEC00591DC5 /* Views */ = {
			isa = PBXGroup;
			children = (
				817E3EA316216FB700DDB74E /* MainStoryboard_iPhone.storyboard */,
			);
			name = Views;
			sourceTree = "<group>";
		};
/* End PBXGroup section */

/* Begin PBXNativeTarget section */
		8191D08715EA382600591DC5 /* iCouchBlog */ = {
			isa = PBXNativeTarget;
			buildConfigurationList = 8191D0C115EA382700591DC5 /* Build configuration list for PBXNativeTarget "iCouchBlog" */;
			buildPhases = (
				8191D08415EA382600591DC5 /* Sources */,
				8191D08515EA382600591DC5 /* Frameworks */,
				8191D08615EA382600591DC5 /* Resources */,
			);
			buildRules = (
			);
			dependencies = (
			);
			name = iCouchBlog;
			productName = iCouchBlog;
			productReference = 8191D08815EA382600591DC5 /* iCouchBlog.app */;
			productType = "com.apple.product-type.application";
		};
		8191D0AE15EA382700591DC5 /* iCouchBlogTests */ = {
			isa = PBXNativeTarget;
			buildConfigurationList = 8191D0C415EA382700591DC5 /* Build configuration list for PBXNativeTarget "iCouchBlogTests" */;
			buildPhases = (
				8191D0AA15EA382700591DC5 /* Sources */,
				8191D0AB15EA382700591DC5 /* Frameworks */,
				8191D0AC15EA382700591DC5 /* Resources */,
				8191D0AD15EA382700591DC5 /* ShellScript */,
			);
			buildRules = (
			);
			dependencies = (
				8191D0B515EA382700591DC5 /* PBXTargetDependency */,
			);
			name = iCouchBlogTests;
			productName = iCouchBlogTests;
			productReference = 8191D0AF15EA382700591DC5 /* iCouchBlogTests.octest */;
			productType = "com.apple.product-type.bundle";
		};
/* End PBXNativeTarget section */

/* Begin PBXProject section */
		8191D07F15EA382600591DC5 /* Project object */ = {
			isa = PBXProject;
			attributes = {
				LastUpgradeCheck = 0450;
				ORGANIZATIONNAME = "Anna Lesniak";
			};
			buildConfigurationList = 8191D08215EA382600591DC5 /* Build configuration list for PBXProject "iCouchBlog" */;
			compatibilityVersion = "Xcode 3.2";
			developmentRegion = English;
			hasScannedForEncodings = 0;
			knownRegions = (
				en,
			);
			mainGroup = 8191D07D15EA382600591DC5;
			productRefGroup = 8191D08915EA382600591DC5 /* Products */;
			projectDirPath = "";
			projectRoot = "";
			targets = (
				8191D08715EA382600591DC5 /* iCouchBlog */,
				8191D0AE15EA382700591DC5 /* iCouchBlogTests */,
			);
		};
/* End PBXProject section */

/* Begin PBXResourcesBuildPhase section */
		8191D08615EA382600591DC5 /* Resources */ = {
			isa = PBXResourcesBuildPhase;
			buildActionMask = 2147483647;
			files = (
				817E3E9D16216EF300DDB74E /* InfoPlist.strings in Resources */,
				817E3EA516216FB700DDB74E /* MainStoryboard_iPhone.storyboard in Resources */,
				81F7DBC3162DC7C600BE8DDB /* Default-568h@2x.png in Resources */,
				81866C9A163D2F7100395045 /* arrow.png in Resources */,
				81866C9B163D2F7100395045 /* arrow@2x.png in Resources */,
			);
			runOnlyForDeploymentPostprocessing = 0;
		};
		8191D0AC15EA382700591DC5 /* Resources */ = {
			isa = PBXResourcesBuildPhase;
			buildActionMask = 2147483647;
			files = (
				8191D0BB15EA382700591DC5 /* InfoPlist.strings in Resources */,
			);
			runOnlyForDeploymentPostprocessing = 0;
		};
/* End PBXResourcesBuildPhase section */

/* Begin PBXShellScriptBuildPhase section */
		8191D0AD15EA382700591DC5 /* ShellScript */ = {
			isa = PBXShellScriptBuildPhase;
			buildActionMask = 2147483647;
			files = (
			);
			inputPaths = (
			);
			outputPaths = (
			);
			runOnlyForDeploymentPostprocessing = 0;
			shellPath = /bin/sh;
			shellScript = "# Run the unit tests in this test bundle.\n\"${SYSTEM_DEVELOPER_DIR}/Tools/RunUnitTests\"\n";
		};
/* End PBXShellScriptBuildPhase section */

/* Begin PBXSourcesBuildPhase section */
		8191D08415EA382600591DC5 /* Sources */ = {
			isa = PBXSourcesBuildPhase;
			buildActionMask = 2147483647;
			files = (
				817E3E7116216E3400DDB74E /* BaseModel.m in Sources */,
				817E3E7216216E3400DDB74E /* Post.m in Sources */,
				817E3E8316216E5300DDB74E /* DetailViewController.m in Sources */,
				817E3E8416216E5300DDB74E /* EditPostViewController.m in Sources */,
				817E3E8516216E5300DDB74E /* PostsViewController.m in Sources */,
				817E3E8D16216E6E00DDB74E /* Colors.m in Sources */,
				817E3E8E16216E6E00DDB74E /* DataStore.m in Sources */,
				817E3E9416216E7B00DDB74E /* AppDelegate.m in Sources */,
				817E3EA216216F5A00DDB74E /* main.m in Sources */,
				817E3EA81621728800DDB74E /* LoginViewController.m in Sources */,
				817E3EAB1621745A00DDB74E /* AppNavigationController.m in Sources */,
				812CA1F5162DED2D00B53B7E /* User.m in Sources */,
				818D948F1633D6730046B1AD /* DesignRepository.m in Sources */,
				818D949716340EBB0046B1AD /* Replicator.m in Sources */,
				81866C9C163D2F7100395045 /* PullToRefreshView.m in Sources */,
			);
			runOnlyForDeploymentPostprocessing = 0;
		};
		8191D0AA15EA382700591DC5 /* Sources */ = {
			isa = PBXSourcesBuildPhase;
			buildActionMask = 2147483647;
			files = (
				8191D0BE15EA382700591DC5 /* iCouchBlogTests.m in Sources */,
			);
			runOnlyForDeploymentPostprocessing = 0;
		};
/* End PBXSourcesBuildPhase section */

/* Begin PBXTargetDependency section */
		8191D0B515EA382700591DC5 /* PBXTargetDependency */ = {
			isa = PBXTargetDependency;
			target = 8191D08715EA382600591DC5 /* iCouchBlog */;
			targetProxy = 8191D0B415EA382700591DC5 /* PBXContainerItemProxy */;
		};
/* End PBXTargetDependency section */

/* Begin PBXVariantGroup section */
		817E3E9B16216EF300DDB74E /* InfoPlist.strings */ = {
			isa = PBXVariantGroup;
			children = (
				817E3E9C16216EF300DDB74E /* en */,
			);
			name = InfoPlist.strings;
			sourceTree = "<group>";
		};
		817E3EA316216FB700DDB74E /* MainStoryboard_iPhone.storyboard */ = {
			isa = PBXVariantGroup;
			children = (
				817E3EA416216FB700DDB74E /* en */,
			);
			name = MainStoryboard_iPhone.storyboard;
			sourceTree = "<group>";
		};
		8191D0B915EA382700591DC5 /* InfoPlist.strings */ = {
			isa = PBXVariantGroup;
			children = (
				8191D0BA15EA382700591DC5 /* en */,
			);
			name = InfoPlist.strings;
			sourceTree = "<group>";
		};
/* End PBXVariantGroup section */

/* Begin XCBuildConfiguration section */
		8191D0BF15EA382700591DC5 /* Debug */ = {
			isa = XCBuildConfiguration;
			buildSettings = {
				ALWAYS_SEARCH_USER_PATHS = NO;
				ARCHS = "$(ARCHS_STANDARD_32_BIT)";
				CLANG_CXX_LANGUAGE_STANDARD = "gnu++0x";
				CLANG_ENABLE_OBJC_ARC = YES;
				CLANG_WARN__DUPLICATE_METHOD_MATCH = YES;
				CODE_SIGN_IDENTITY = "iPhone Developer: Paul Klipp (WVM7V3UK3H)";
				"CODE_SIGN_IDENTITY[sdk=iphoneos*]" = "iPhone Developer: Paul Klipp (WVM7V3UK3H)";
				COPY_PHASE_STRIP = NO;
				GCC_C_LANGUAGE_STANDARD = gnu99;
				GCC_DYNAMIC_NO_PIC = NO;
				GCC_OPTIMIZATION_LEVEL = 0;
				GCC_PREPROCESSOR_DEFINITIONS = (
					"DEBUG=1",
					"$(inherited)",
				);
				GCC_SYMBOLS_PRIVATE_EXTERN = NO;
				GCC_VERSION = com.apple.compilers.llvm.clang.1_0;
				GCC_WARN_ABOUT_RETURN_TYPE = YES;
				GCC_WARN_UNINITIALIZED_AUTOS = YES;
				GCC_WARN_UNUSED_VARIABLE = YES;
				IPHONEOS_DEPLOYMENT_TARGET = 5.0;
				PROVISIONING_PROFILE = "7B6E1A95-951D-4700-8DC4-5B8FAEAECA48";
				"PROVISIONING_PROFILE[sdk=iphoneos*]" = "7B6E1A95-951D-4700-8DC4-5B8FAEAECA48";
				SDKROOT = iphoneos;
				SUPPORTED_PLATFORMS = "iphonesimulator iphoneos";
				TARGETED_DEVICE_FAMILY = "1,2";
				VALID_ARCHS = "armv7 armv7s";
			};
			name = Debug;
		};
		8191D0C015EA382700591DC5 /* Release */ = {
			isa = XCBuildConfiguration;
			buildSettings = {
				ALWAYS_SEARCH_USER_PATHS = NO;
				ARCHS = "$(ARCHS_STANDARD_32_BIT)";
				CLANG_CXX_LANGUAGE_STANDARD = "gnu++0x";
				CLANG_ENABLE_OBJC_ARC = YES;
				CLANG_WARN__DUPLICATE_METHOD_MATCH = YES;
				CODE_SIGN_IDENTITY = "iPhone Developer: Paul Klipp (WVM7V3UK3H)";
				"CODE_SIGN_IDENTITY[sdk=iphoneos*]" = "iPhone Developer: Paul Klipp (WVM7V3UK3H)";
				COPY_PHASE_STRIP = YES;
				GCC_C_LANGUAGE_STANDARD = gnu99;
				GCC_VERSION = com.apple.compilers.llvm.clang.1_0;
				GCC_WARN_ABOUT_RETURN_TYPE = YES;
				GCC_WARN_UNINITIALIZED_AUTOS = YES;
				GCC_WARN_UNUSED_VARIABLE = YES;
				IPHONEOS_DEPLOYMENT_TARGET = 5.0;
				OTHER_CFLAGS = "-DNS_BLOCK_ASSERTIONS=1";
				PROVISIONING_PROFILE = "7B6E1A95-951D-4700-8DC4-5B8FAEAECA48";
				"PROVISIONING_PROFILE[sdk=iphoneos*]" = "7B6E1A95-951D-4700-8DC4-5B8FAEAECA48";
				SDKROOT = iphoneos;
				SUPPORTED_PLATFORMS = "iphonesimulator iphoneos";
				TARGETED_DEVICE_FAMILY = "1,2";
				VALIDATE_PRODUCT = YES;
				VALID_ARCHS = "armv7 armv7s";
			};
			name = Release;
		};
		8191D0C215EA382700591DC5 /* Debug */ = {
			isa = XCBuildConfiguration;
			buildSettings = {
				ARCHS = "$(ARCHS_STANDARD_32_BIT)";
				CODE_SIGN_IDENTITY = "iPhone Developer: Paul Klipp (WVM7V3UK3H)";
				"CODE_SIGN_IDENTITY[sdk=iphoneos*]" = "iPhone Developer: Paul Klipp (WVM7V3UK3H)";
				FRAMEWORK_SEARCH_PATHS = (
					"$(inherited)",
					"\"$(SRCROOT)\"",
				);
				GCC_PRECOMPILE_PREFIX_HEADER = YES;
				GCC_PREFIX_HEADER = "iCouchBlog/iCouchBlog-Prefix.pch";
				INFOPLIST_FILE = "iCouchBlog/iCouchBlog-Info.plist";
				IPHONEOS_DEPLOYMENT_TARGET = 5.0;
				LIBRARY_SEARCH_PATHS = (
					"$(inherited)",
					"\"$(SRCROOT)\"",
				);
				ONLY_ACTIVE_ARCH = YES;
				OTHER_LDFLAGS = "-ObjC";
				PRODUCT_NAME = "$(TARGET_NAME)";
				PROVISIONING_PROFILE = "7B6E1A95-951D-4700-8DC4-5B8FAEAECA48";
				"PROVISIONING_PROFILE[sdk=iphoneos*]" = "7B6E1A95-951D-4700-8DC4-5B8FAEAECA48";
				SDKROOT = iphoneos;
				VALID_ARCHS = "armv7 armv7s";
				WRAPPER_EXTENSION = app;
			};
			name = Debug;
		};
		8191D0C315EA382700591DC5 /* Release */ = {
			isa = XCBuildConfiguration;
			buildSettings = {
				ARCHS = "$(ARCHS_STANDARD_32_BIT)";
				CODE_SIGN_IDENTITY = "iPhone Developer: Paul Klipp (WVM7V3UK3H)";
				"CODE_SIGN_IDENTITY[sdk=iphoneos*]" = "iPhone Developer: Paul Klipp (WVM7V3UK3H)";
				FRAMEWORK_SEARCH_PATHS = (
					"$(inherited)",
					"\"$(SRCROOT)\"",
				);
				GCC_PRECOMPILE_PREFIX_HEADER = YES;
				GCC_PREFIX_HEADER = "iCouchBlog/iCouchBlog-Prefix.pch";
				INFOPLIST_FILE = "iCouchBlog/iCouchBlog-Info.plist";
				IPHONEOS_DEPLOYMENT_TARGET = 5.0;
				LIBRARY_SEARCH_PATHS = (
					"$(inherited)",
					"\"$(SRCROOT)\"",
				);
				ONLY_ACTIVE_ARCH = YES;
				OTHER_LDFLAGS = "-ObjC";
				PRODUCT_NAME = "$(TARGET_NAME)";
				PROVISIONING_PROFILE = "7B6E1A95-951D-4700-8DC4-5B8FAEAECA48";
				"PROVISIONING_PROFILE[sdk=iphoneos*]" = "7B6E1A95-951D-4700-8DC4-5B8FAEAECA48";
				SDKROOT = iphoneos;
				VALID_ARCHS = "armv7 armv7s";
				WRAPPER_EXTENSION = app;
			};
			name = Release;
		};
		8191D0C515EA382700591DC5 /* Debug */ = {
			isa = XCBuildConfiguration;
			buildSettings = {
				BUNDLE_LOADER = "$(BUILT_PRODUCTS_DIR)/iCouchBlog.app/iCouchBlog";
				FRAMEWORK_SEARCH_PATHS = (
					"\"$(SDKROOT)/Developer/Library/Frameworks\"",
					"\"$(DEVELOPER_LIBRARY_DIR)/Frameworks\"",
				);
				GCC_PRECOMPILE_PREFIX_HEADER = YES;
				GCC_PREFIX_HEADER = "iCouchBlog/iCouchBlog-Prefix.pch";
				INFOPLIST_FILE = "iCouchBlogTests/iCouchBlogTests-Info.plist";
				PRODUCT_NAME = "$(TARGET_NAME)";
				TEST_HOST = "$(BUNDLE_LOADER)";
				WRAPPER_EXTENSION = octest;
			};
			name = Debug;
		};
		8191D0C615EA382700591DC5 /* Release */ = {
			isa = XCBuildConfiguration;
			buildSettings = {
				BUNDLE_LOADER = "$(BUILT_PRODUCTS_DIR)/iCouchBlog.app/iCouchBlog";
				FRAMEWORK_SEARCH_PATHS = (
					"\"$(SDKROOT)/Developer/Library/Frameworks\"",
					"\"$(DEVELOPER_LIBRARY_DIR)/Frameworks\"",
				);
				GCC_PRECOMPILE_PREFIX_HEADER = YES;
				GCC_PREFIX_HEADER = "iCouchBlog/iCouchBlog-Prefix.pch";
				INFOPLIST_FILE = "iCouchBlogTests/iCouchBlogTests-Info.plist";
				PRODUCT_NAME = "$(TARGET_NAME)";
				TEST_HOST = "$(BUNDLE_LOADER)";
				WRAPPER_EXTENSION = octest;
			};
			name = Release;
		};
/* End XCBuildConfiguration section */

/* Begin XCConfigurationList section */
		8191D08215EA382600591DC5 /* Build configuration list for PBXProject "iCouchBlog" */ = {
			isa = XCConfigurationList;
			buildConfigurations = (
				8191D0BF15EA382700591DC5 /* Debug */,
				8191D0C015EA382700591DC5 /* Release */,
			);
			defaultConfigurationIsVisible = 0;
			defaultConfigurationName = Release;
		};
		8191D0C115EA382700591DC5 /* Build configuration list for PBXNativeTarget "iCouchBlog" */ = {
			isa = XCConfigurationList;
			buildConfigurations = (
				8191D0C215EA382700591DC5 /* Debug */,
				8191D0C315EA382700591DC5 /* Release */,
			);
			defaultConfigurationIsVisible = 0;
			defaultConfigurationName = Release;
		};
		8191D0C415EA382700591DC5 /* Build configuration list for PBXNativeTarget "iCouchBlogTests" */ = {
			isa = XCConfigurationList;
			buildConfigurations = (
				8191D0C515EA382700591DC5 /* Debug */,
				8191D0C615EA382700591DC5 /* Release */,
			);
			defaultConfigurationIsVisible = 0;
			defaultConfigurationName = Release;
		};
/* End XCConfigurationList section */
	};
	rootObject = 8191D07F15EA382600591DC5 /* Project object */;
}
